{
  "name": "dijia",
  "version": "1.0.0",
  "lockfileVersion": 1,
  "requires": true,
  "dependencies": {
    "dom7": {
      "version": "2.1.5",
      "resolved": "https://registry.nlark.com/dom7/download/dom7-2.1.5.tgz",
      "integrity": "sha1-p5QRAXgAsx2EAAcM2uu/ySwfY3c=",
      "dev": true,
      "requires": {
        "ssr-window": "^2.0.0"
      },
      "dependencies": {
        "ssr-window": {
          "version": "2.0.0",
          "resolved": "https://registry.nlark.com/ssr-window/download/ssr-window-2.0.0.tgz",
          "integrity": "sha1-mMMBrvmVIzF/jWlhjwAQeRCW78Q=",
          "dev": true
        }
      }
    },
    "jquery": {
      "version": "3.6.0",
      "resolved": "https://registry.npm.taobao.org/jquery/download/jquery-3.6.0.tgz?cache=0&sync_timestamp=1614705838607&other_urls=https%3A%2F%2Fregistry.npm.taobao.org%2Fjquery%2Fdownload%2Fjquery-3.6.0.tgz",
      "integrity": "sha1-xyoJ8Vwb3OFC9J2/EXC9+K2sJHA="
    },
    "lodash": {
      "version": "4.17.21",
      "resolved": "https://registry.npm.taobao.org/lodash/download/lodash-4.17.21.tgz",
      "integrity": "sha1-Z5WRxWTDv/quhFTPCz3zcMPWkRw=",
      "dev": true
    },
    "ssr-window": {
      "version": "1.0.1",
      "resolved": "https://registry.nlark.com/ssr-window/download/ssr-window-1.0.1.tgz",
      "integrity": "sha1-MHUqakZm53Z/C35qpvwv29DZs2k=",
      "dev": true
    },
    "swiper": {
      "version": "4.5.1",
      "resolved": "https://registry.nlark.com/swiper/download/swiper-4.5.1.tgz",
      "integrity": "sha1-7UOZjngM60eGEAecjSP9Ql7KY28=",
      "dev": true,
      "requires": {
        "dom7": "^2.1.3",
        "ssr-window": "^1.0.1"
      }
    }
  }
}
